// !$*UTF8*$!
{
	archiveVersion = 1;
	classes = {
	};
	objectVersion = 55;
	objects = {

/* Begin PBXBuildFile section */
		25A5D7D6277C43DF004FBD77 /* AppDelegate.swift in Sources */ = {isa = PBXBuildFile; fileRef = 25A5D7D5277C43DF004FBD77 /* AppDelegate.swift */; };
		25A5D7DF277C43E1004FBD77 /* Assets.xcassets in Resources */ = {isa = PBXBuildFile; fileRef = 25A5D7DE277C43E1004FBD77 /* Assets.xcassets */; };
		25A5D7E2277C43E1004FBD77 /* LaunchScreen.storyboard in Resources */ = {isa = PBXBuildFile; fileRef = 25A5D7E0277C43E1004FBD77 /* LaunchScreen.storyboard */; };
		25A5D7ED277C44D8004FBD77 /* RootRouter.swift in Sources */ = {isa = PBXBuildFile; fileRef = 25A5D7E9277C44D8004FBD77 /* RootRouter.swift */; };
		25A5D7EE277C44D8004FBD77 /* RootViewController.swift in Sources */ = {isa = PBXBuildFile; fileRef = 25A5D7EA277C44D8004FBD77 /* RootViewController.swift */; };
		25A5D7EF277C44D8004FBD77 /* RootBuilder.swift in Sources */ = {isa = PBXBuildFile; fileRef = 25A5D7EB277C44D8004FBD77 /* RootBuilder.swift */; };
		25A5D7F0277C44D8004FBD77 /* RootInteractor.swift in Sources */ = {isa = PBXBuildFile; fileRef = 25A5D7EC277C44D8004FBD77 /* RootInteractor.swift */; };
		25A5D7F3277C454F004FBD77 /* AppComponent.swift in Sources */ = {isa = PBXBuildFile; fileRef = 25A5D7F2277C454F004FBD77 /* AppComponent.swift */; };
		25A5D80E277C4750004FBD77 /* LogInRouter.swift in Sources */ = {isa = PBXBuildFile; fileRef = 25A5D809277C4750004FBD77 /* LogInRouter.swift */; };
		25A5D80F277C4750004FBD77 /* LogInViewController.swift in Sources */ = {isa = PBXBuildFile; fileRef = 25A5D80A277C4750004FBD77 /* LogInViewController.swift */; };
		25A5D810277C4750004FBD77 /* LogInBuilder.swift in Sources */ = {isa = PBXBuildFile; fileRef = 25A5D80B277C4750004FBD77 /* LogInBuilder.swift */; };
		25A5D811277C4750004FBD77 /* LogInInteractor.swift in Sources */ = {isa = PBXBuildFile; fileRef = 25A5D80C277C4750004FBD77 /* LogInInteractor.swift */; };
		25A5D812277C4750004FBD77 /* LogInViewController.xib in Resources */ = {isa = PBXBuildFile; fileRef = 25A5D80D277C4750004FBD77 /* LogInViewController.xib */; };
		25A5D819277C4785004FBD77 /* SignUpRouter.swift in Sources */ = {isa = PBXBuildFile; fileRef = 25A5D814277C4785004FBD77 /* SignUpRouter.swift */; };
		25A5D81A277C4785004FBD77 /* SignUpViewController.swift in Sources */ = {isa = PBXBuildFile; fileRef = 25A5D815277C4785004FBD77 /* SignUpViewController.swift */; };
		25A5D81B277C4785004FBD77 /* SignUpBuilder.swift in Sources */ = {isa = PBXBuildFile; fileRef = 25A5D816277C4785004FBD77 /* SignUpBuilder.swift */; };
		25A5D81C277C4785004FBD77 /* SignUpInteractor.swift in Sources */ = {isa = PBXBuildFile; fileRef = 25A5D817277C4785004FBD77 /* SignUpInteractor.swift */; };
		25A5D81D277C4785004FBD77 /* SignUpViewController.xib in Resources */ = {isa = PBXBuildFile; fileRef = 25A5D818277C4785004FBD77 /* SignUpViewController.xib */; };
		25A5D826277C47F5004FBD77 /* LogOutRouter.swift in Sources */ = {isa = PBXBuildFile; fileRef = 25A5D821277C47F5004FBD77 /* LogOutRouter.swift */; };
		25A5D827277C47F5004FBD77 /* LogOutViewController.swift in Sources */ = {isa = PBXBuildFile; fileRef = 25A5D822277C47F5004FBD77 /* LogOutViewController.swift */; };
		25A5D828277C47F5004FBD77 /* LogOutBuilder.swift in Sources */ = {isa = PBXBuildFile; fileRef = 25A5D823277C47F5004FBD77 /* LogOutBuilder.swift */; };
		25A5D829277C47F5004FBD77 /* LogOutInteractor.swift in Sources */ = {isa = PBXBuildFile; fileRef = 25A5D824277C47F5004FBD77 /* LogOutInteractor.swift */; };
		25A5D82A277C47F5004FBD77 /* LogOutViewController.xib in Resources */ = {isa = PBXBuildFile; fileRef = 25A5D825277C47F5004FBD77 /* LogOutViewController.xib */; };
		25A5D82D277C484A004FBD77 /* UserDefaultsWorker.swift in Sources */ = {isa = PBXBuildFile; fileRef = 25A5D82C277C484A004FBD77 /* UserDefaultsWorker.swift */; };
		25A61704277E9DBE00CC68DC /* ViewControllable+Navigate.swift in Sources */ = {isa = PBXBuildFile; fileRef = 25A61703277E9DBE00CC68DC /* ViewControllable+Navigate.swift */; };
		A1C792822382015362B90B45 /* Pods_LoginRIBS.framework in Frameworks */ = {isa = PBXBuildFile; fileRef = 179F7CD72A867228AF6C872C /* Pods_LoginRIBS.framework */; };
/* End PBXBuildFile section */

/* Begin PBXFileReference section */
		179F7CD72A867228AF6C872C /* Pods_LoginRIBS.framework */ = {isa = PBXFileReference; explicitFileType = wrapper.framework; includeInIndex = 0; path = Pods_LoginRIBS.framework; sourceTree = BUILT_PRODUCTS_DIR; };
		25A5D7D2277C43DF004FBD77 /* LoginRIBS.app */ = {isa = PBXFileReference; explicitFileType = wrapper.application; includeInIndex = 0; path = LoginRIBS.app; sourceTree = BUILT_PRODUCTS_DIR; };
		25A5D7D5277C43DF004FBD77 /* AppDelegate.swift */ = {isa = PBXFileReference; lastKnownFileType = sourcecode.swift; path = AppDelegate.swift; sourceTree = "<group>"; };
		25A5D7DE277C43E1004FBD77 /* Assets.xcassets */ = {isa = PBXFileReference; lastKnownFileType = folder.assetcatalog; path = Assets.xcassets; sourceTree = "<group>"; };
		25A5D7E1277C43E1004FBD77 /* Base */ = {isa = PBXFileReference; lastKnownFileType = file.storyboard; name = Base; path = Base.lproj/LaunchScreen.storyboard; sourceTree = "<group>"; };
		25A5D7E3277C43E1004FBD77 /* Info.plist */ = {isa = PBXFileReference; lastKnownFileType = text.plist.xml; path = Info.plist; sourceTree = "<group>"; };
		25A5D7E9277C44D8004FBD77 /* RootRouter.swift */ = {isa = PBXFileReference; lastKnownFileType = sourcecode.swift; path = RootRouter.swift; sourceTree = "<group>"; };
		25A5D7EA277C44D8004FBD77 /* RootViewController.swift */ = {isa = PBXFileReference; lastKnownFileType = sourcecode.swift; path = RootViewController.swift; sourceTree = "<group>"; };
		25A5D7EB277C44D8004FBD77 /* RootBuilder.swift */ = {isa = PBXFileReference; lastKnownFileType = sourcecode.swift; path = RootBuilder.swift; sourceTree = "<group>"; };
		25A5D7EC277C44D8004FBD77 /* RootInteractor.swift */ = {isa = PBXFileReference; lastKnownFileType = sourcecode.swift; path = RootInteractor.swift; sourceTree = "<group>"; };
		25A5D7F2277C454F004FBD77 /* AppComponent.swift */ = {isa = PBXFileReference; lastKnownFileType = sourcecode.swift; path = AppComponent.swift; sourceTree = "<group>"; };
		25A5D809277C4750004FBD77 /* LogInRouter.swift */ = {isa = PBXFileReference; lastKnownFileType = sourcecode.swift; path = LogInRouter.swift; sourceTree = "<group>"; };
		25A5D80A277C4750004FBD77 /* LogInViewController.swift */ = {isa = PBXFileReference; lastKnownFileType = sourcecode.swift; path = LogInViewController.swift; sourceTree = "<group>"; };
		25A5D80B277C4750004FBD77 /* LogInBuilder.swift */ = {isa = PBXFileReference; lastKnownFileType = sourcecode.swift; path = LogInBuilder.swift; sourceTree = "<group>"; };
		25A5D80C277C4750004FBD77 /* LogInInteractor.swift */ = {isa = PBXFileReference; lastKnownFileType = sourcecode.swift; path = LogInInteractor.swift; sourceTree = "<group>"; };
		25A5D80D277C4750004FBD77 /* LogInViewController.xib */ = {isa = PBXFileReference; lastKnownFileType = file.xib; path = LogInViewController.xib; sourceTree = "<group>"; };
		25A5D814277C4785004FBD77 /* SignUpRouter.swift */ = {isa = PBXFileReference; lastKnownFileType = sourcecode.swift; path = SignUpRouter.swift; sourceTree = "<group>"; };
		25A5D815277C4785004FBD77 /* SignUpViewController.swift */ = {isa = PBXFileReference; lastKnownFileType = sourcecode.swift; path = SignUpViewController.swift; sourceTree = "<group>"; };
		25A5D816277C4785004FBD77 /* SignUpBuilder.swift */ = {isa = PBXFileReference; lastKnownFileType = sourcecode.swift; path = SignUpBuilder.swift; sourceTree = "<group>"; };
		25A5D817277C4785004FBD77 /* SignUpInteractor.swift */ = {isa = PBXFileReference; lastKnownFileType = sourcecode.swift; path = SignUpInteractor.swift; sourceTree = "<group>"; };
		25A5D818277C4785004FBD77 /* SignUpViewController.xib */ = {isa = PBXFileReference; lastKnownFileType = file.xib; path = SignUpViewController.xib; sourceTree = "<group>"; };
		25A5D821277C47F5004FBD77 /* LogOutRouter.swift */ = {isa = PBXFileReference; lastKnownFileType = sourcecode.swift; path = LogOutRouter.swift; sourceTree = "<group>"; };
		25A5D822277C47F5004FBD77 /* LogOutViewController.swift */ = {isa = PBXFileReference; lastKnownFileType = sourcecode.swift; path = LogOutViewController.swift; sourceTree = "<group>"; };
		25A5D823277C47F5004FBD77 /* LogOutBuilder.swift */ = {isa = PBXFileReference; lastKnownFileType = sourcecode.swift; path = LogOutBuilder.swift; sourceTree = "<group>"; };
		25A5D824277C47F5004FBD77 /* LogOutInteractor.swift */ = {isa = PBXFileReference; lastKnownFileType = sourcecode.swift; path = LogOutInteractor.swift; sourceTree = "<group>"; };
		25A5D825277C47F5004FBD77 /* LogOutViewController.xib */ = {isa = PBXFileReference; lastKnownFileType = file.xib; path = LogOutViewController.xib; sourceTree = "<group>"; };
		25A5D82C277C484A004FBD77 /* UserDefaultsWorker.swift */ = {isa = PBXFileReference; lastKnownFileType = sourcecode.swift; path = UserDefaultsWorker.swift; sourceTree = "<group>"; };
		25A61703277E9DBE00CC68DC /* ViewControllable+Navigate.swift */ = {isa = PBXFileReference; lastKnownFileType = sourcecode.swift; path = "ViewControllable+Navigate.swift"; sourceTree = "<group>"; };
		5AB3F98C8BDAB1B1829DD830 /* Pods-LoginRIBS.debug.xcconfig */ = {isa = PBXFileReference; includeInIndex = 1; lastKnownFileType = text.xcconfig; name = "Pods-LoginRIBS.debug.xcconfig"; path = "Target Support Files/Pods-LoginRIBS/Pods-LoginRIBS.debug.xcconfig"; sourceTree = "<group>"; };
		F8B990A492B11DF06EA2318E /* Pods-LoginRIBS.release.xcconfig */ = {isa = PBXFileReference; includeInIndex = 1; lastKnownFileType = text.xcconfig; name = "Pods-LoginRIBS.release.xcconfig"; path = "Target Support Files/Pods-LoginRIBS/Pods-LoginRIBS.release.xcconfig"; sourceTree = "<group>"; };
/* End PBXFileReference section */

/* Begin PBXFrameworksBuildPhase section */
		25A5D7CF277C43DF004FBD77 /* Frameworks */ = {
			isa = PBXFrameworksBuildPhase;
			buildActionMask = 2147483647;
			files = (
				A1C792822382015362B90B45 /* Pods_LoginRIBS.framework in Frameworks */,
			);
			runOnlyForDeploymentPostprocessing = 0;
		};
/* End PBXFrameworksBuildPhase section */

/* Begin PBXGroup section */
		25A5D7C9277C43DF004FBD77 = {
			isa = PBXGroup;
			children = (
				25A5D7D4277C43DF004FBD77 /* LoginRIBS */,
				25A5D7D3277C43DF004FBD77 /* Products */,
				95BABD56682E785672AD4654 /* Pods */,
				5371950C3481A0A4A6B0C13A /* Frameworks */,
			);
			sourceTree = "<group>";
		};
		25A5D7D3277C43DF004FBD77 /* Products */ = {
			isa = PBXGroup;
			children = (
				25A5D7D2277C43DF004FBD77 /* LoginRIBS.app */,
			);
			name = Products;
			sourceTree = "<group>";
		};
		25A5D7D4277C43DF004FBD77 /* LoginRIBS */ = {
			isa = PBXGroup;
			children = (
				25A5D820277C47C6004FBD77 /* Assets */,
				25A5D7F4277C4558004FBD77 /* AppStart */,
				25A5D7F1277C453F004FBD77 /* Root */,
				25A5D813277C4759004FBD77 /* LogIn */,
				25A5D81F277C4792004FBD77 /* SignUp */,
				25A5D82B277C47FA004FBD77 /* LogOut */,
				25A5D82C277C484A004FBD77 /* UserDefaultsWorker.swift */,
				25A61703277E9DBE00CC68DC /* ViewControllable+Navigate.swift */,
			);
			path = LoginRIBS;
			sourceTree = "<group>";
		};
		25A5D7F1277C453F004FBD77 /* Root */ = {
			isa = PBXGroup;
			children = (
				25A5D7E9277C44D8004FBD77 /* RootRouter.swift */,
				25A5D7EA277C44D8004FBD77 /* RootViewController.swift */,
				25A5D7EB277C44D8004FBD77 /* RootBuilder.swift */,
				25A5D7EC277C44D8004FBD77 /* RootInteractor.swift */,
			);
			path = Root;
			sourceTree = "<group>";
		};
		25A5D7F4277C4558004FBD77 /* AppStart */ = {
			isa = PBXGroup;
			children = (
				25A5D7E0277C43E1004FBD77 /* LaunchScreen.storyboard */,
				25A5D7D5277C43DF004FBD77 /* AppDelegate.swift */,
				25A5D7F2277C454F004FBD77 /* AppComponent.swift */,
			);
			path = AppStart;
			sourceTree = "<group>";
		};
		25A5D813277C4759004FBD77 /* LogIn */ = {
			isa = PBXGroup;
			children = (
				25A5D809277C4750004FBD77 /* LogInRouter.swift */,
				25A5D80A277C4750004FBD77 /* LogInViewController.swift */,
				25A5D80B277C4750004FBD77 /* LogInBuilder.swift */,
				25A5D80C277C4750004FBD77 /* LogInInteractor.swift */,
				25A5D80D277C4750004FBD77 /* LogInViewController.xib */,
			);
			path = LogIn;
			sourceTree = "<group>";
		};
		25A5D81F277C4792004FBD77 /* SignUp */ = {
			isa = PBXGroup;
			children = (
				25A5D814277C4785004FBD77 /* SignUpRouter.swift */,
				25A5D815277C4785004FBD77 /* SignUpViewController.swift */,
				25A5D816277C4785004FBD77 /* SignUpBuilder.swift */,
				25A5D817277C4785004FBD77 /* SignUpInteractor.swift */,
				25A5D818277C4785004FBD77 /* SignUpViewController.xib */,
			);
			path = SignUp;
			sourceTree = "<group>";
		};
		25A5D820277C47C6004FBD77 /* Assets */ = {
			isa = PBXGroup;
			children = (
				25A5D7DE277C43E1004FBD77 /* Assets.xcassets */,
				25A5D7E3277C43E1004FBD77 /* Info.plist */,
			);
			path = Assets;
			sourceTree = "<group>";
		};
		25A5D82B277C47FA004FBD77 /* LogOut */ = {
			isa = PBXGroup;
			children = (
				25A5D821277C47F5004FBD77 /* LogOutRouter.swift */,
				25A5D822277C47F5004FBD77 /* LogOutViewController.swift */,
				25A5D823277C47F5004FBD77 /* LogOutBuilder.swift */,
				25A5D824277C47F5004FBD77 /* LogOutInteractor.swift */,
				25A5D825277C47F5004FBD77 /* LogOutViewController.xib */,
			);
			path = LogOut;
			sourceTree = "<group>";
		};
		5371950C3481A0A4A6B0C13A /* Frameworks */ = {
			isa = PBXGroup;
			children = (
				179F7CD72A867228AF6C872C /* Pods_LoginRIBS.framework */,
			);
			name = Frameworks;
			sourceTree = "<group>";
		};
		95BABD56682E785672AD4654 /* Pods */ = {
			isa = PBXGroup;
			children = (
				5AB3F98C8BDAB1B1829DD830 /* Pods-LoginRIBS.debug.xcconfig */,
				F8B990A492B11DF06EA2318E /* Pods-LoginRIBS.release.xcconfig */,
			);
			path = Pods;
			sourceTree = "<group>";
		};
/* End PBXGroup section */

/* Begin PBXNativeTarget section */
		25A5D7D1277C43DF004FBD77 /* LoginRIBS */ = {
			isa = PBXNativeTarget;
			buildConfigurationList = 25A5D7E6277C43E1004FBD77 /* Build configuration list for PBXNativeTarget "LoginRIBS" */;
			buildPhases = (
				E73E3A99D50E8D496C9D6BD9 /* [CP] Check Pods Manifest.lock */,
				25A5D7CE277C43DF004FBD77 /* Sources */,
				25A5D7CF277C43DF004FBD77 /* Frameworks */,
				25A5D7D0277C43DF004FBD77 /* Resources */,
				DD4C9BCDCE6CFE3A82E8C8D2 /* [CP] Embed Pods Frameworks */,
			);
			buildRules = (
			);
			dependencies = (
			);
			name = LoginRIBS;
			productName = LoginRIBS;
			productReference = 25A5D7D2277C43DF004FBD77 /* LoginRIBS.app */;
			productType = "com.apple.product-type.application";
		};
/* End PBXNativeTarget section */

/* Begin PBXProject section */
		25A5D7CA277C43DF004FBD77 /* Project object */ = {
			isa = PBXProject;
			attributes = {
				BuildIndependentTargetsInParallel = 1;
				LastSwiftUpdateCheck = 1320;
				LastUpgradeCheck = 1320;
				TargetAttributes = {
					25A5D7D1277C43DF004FBD77 = {
						CreatedOnToolsVersion = 13.2;
					};
				};
			};
			buildConfigurationList = 25A5D7CD277C43DF004FBD77 /* Build configuration list for PBXProject "LoginRIBS" */;
			compatibilityVersion = "Xcode 13.0";
			developmentRegion = en;
			hasScannedForEncodings = 0;
			knownRegions = (
				en,
				Base,
			);
			mainGroup = 25A5D7C9277C43DF004FBD77;
			productRefGroup = 25A5D7D3277C43DF004FBD77 /* Products */;
			projectDirPath = "";
			projectRoot = "";
			targets = (
				25A5D7D1277C43DF004FBD77 /* LoginRIBS */,
			);
		};
/* End PBXProject section */

/* Begin PBXResourcesBuildPhase section */
		25A5D7D0277C43DF004FBD77 /* Resources */ = {
			isa = PBXResourcesBuildPhase;
			buildActionMask = 2147483647;
			files = (
				25A5D81D277C4785004FBD77 /* SignUpViewController.xib in Resources */,
				25A5D82A277C47F5004FBD77 /* LogOutViewController.xib in Resources */,
				25A5D812277C4750004FBD77 /* LogInViewController.xib in Resources */,
				25A5D7E2277C43E1004FBD77 /* LaunchScreen.storyboard in Resources */,
				25A5D7DF277C43E1004FBD77 /* Assets.xcassets in Resources */,
			);
			runOnlyForDeploymentPostprocessing = 0;
		};
/* End PBXResourcesBuildPhase section */

/* Begin PBXShellScriptBuildPhase section */
		DD4C9BCDCE6CFE3A82E8C8D2 /* [CP] Embed Pods Frameworks */ = {
			isa = PBXShellScriptBuildPhase;
			buildActionMask = 2147483647;
			files = (
			);
			inputFileListPaths = (
				"${PODS_ROOT}/Target Support Files/Pods-LoginRIBS/Pods-LoginRIBS-frameworks-${CONFIGURATION}-input-files.xcfilelist",
			);
			name = "[CP] Embed Pods Frameworks";
			outputFileListPaths = (
				"${PODS_ROOT}/Target Support Files/Pods-LoginRIBS/Pods-LoginRIBS-frameworks-${CONFIGURATION}-output-files.xcfilelist",
			);
			runOnlyForDeploymentPostprocessing = 0;
			shellPath = /bin/sh;
			shellScript = "\"${PODS_ROOT}/Target Support Files/Pods-LoginRIBS/Pods-LoginRIBS-frameworks.sh\"\n";
			showEnvVarsInLog = 0;
		};
		E73E3A99D50E8D496C9D6BD9 /* [CP] Check Pods Manifest.lock */ = {
			isa = PBXShellScriptBuildPhase;
			buildActionMask = 2147483647;
			files = (
			);
			inputFileListPaths = (
			);
			inputPaths = (
				"${PODS_PODFILE_DIR_PATH}/Podfile.lock",
				"${PODS_ROOT}/Manifest.lock",
			);
			name = "[CP] Check Pods Manifest.lock";
			outputFileListPaths = (
			);
			outputPaths = (
				"$(DERIVED_FILE_DIR)/Pods-LoginRIBS-checkManifestLockResult.txt",
			);
			runOnlyForDeploymentPostprocessing = 0;
			shellPath = /bin/sh;
			shellScript = "diff \"${PODS_PODFILE_DIR_PATH}/Podfile.lock\" \"${PODS_ROOT}/Manifest.lock\" > /dev/null\nif [ $? != 0 ] ; then\n    # print error to STDERR\n    echo \"error: The sandbox is not in sync with the Podfile.lock. Run 'pod install' or update your CocoaPods installation.\" >&2\n    exit 1\nfi\n# This output is used by Xcode 'outputs' to avoid re-running this script phase.\necho \"SUCCESS\" > \"${SCRIPT_OUTPUT_FILE_0}\"\n";
			showEnvVarsInLog = 0;
		};
/* End PBXShellScriptBuildPhase section */

/* Begin PBXSourcesBuildPhase section */
		25A5D7CE277C43DF004FBD77 /* Sources */ = {
			isa = PBXSourcesBuildPhase;
			buildActionMask = 2147483647;
			files = (
				25A5D819277C4785004FBD77 /* SignUpRouter.swift in Sources */,
				25A5D7F0277C44D8004FBD77 /* RootInteractor.swift in Sources */,
				25A5D81B277C4785004FBD77 /* SignUpBuilder.swift in Sources */,
				25A5D810277C4750004FBD77 /* LogInBuilder.swift in Sources */,
				25A5D80E277C4750004FBD77 /* LogInRouter.swift in Sources */,
				25A5D7F3277C454F004FBD77 /* AppComponent.swift in Sources */,
				25A5D826277C47F5004FBD77 /* LogOutRouter.swift in Sources */,
				25A5D7ED277C44D8004FBD77 /* RootRouter.swift in Sources */,
				25A5D829277C47F5004FBD77 /* LogOutInteractor.swift in Sources */,
				25A5D828277C47F5004FBD77 /* LogOutBuilder.swift in Sources */,
				25A5D7EF277C44D8004FBD77 /* RootBuilder.swift in Sources */,
				25A5D7EE277C44D8004FBD77 /* RootViewController.swift in Sources */,
				25A5D81A277C4785004FBD77 /* SignUpViewController.swift in Sources */,
				25A5D80F277C4750004FBD77 /* LogInViewController.swift in Sources */,
				25A5D82D277C484A004FBD77 /* UserDefaultsWorker.swift in Sources */,
				25A5D811277C4750004FBD77 /* LogInInteractor.swift in Sources */,
				25A61704277E9DBE00CC68DC /* ViewControllable+Navigate.swift in Sources */,
				25A5D81C277C4785004FBD77 /* SignUpInteractor.swift in Sources */,
				25A5D827277C47F5004FBD77 /* LogOutViewController.swift in Sources */,
				25A5D7D6277C43DF004FBD77 /* AppDelegate.swift in Sources */,
			);
			runOnlyForDeploymentPostprocessing = 0;
		};
/* End PBXSourcesBuildPhase section */

/* Begin PBXVariantGroup section */
		25A5D7E0277C43E1004FBD77 /* LaunchScreen.storyboard */ = {
			isa = PBXVariantGroup;
			children = (
				25A5D7E1277C43E1004FBD77 /* Base */,
			);
			name = LaunchScreen.storyboard;
			sourceTree = "<group>";
		};
/* End PBXVariantGroup section */

/* Begin XCBuildConfiguration section */
		25A5D7E4277C43E1004FBD77 /* Debug */ = {
			isa = XCBuildConfiguration;
			buildSettings = {
				ALWAYS_SEARCH_USER_PATHS = NO;
				CLANG_ANALYZER_NONNULL = YES;
				CLANG_ANALYZER_NUMBER_OBJECT_CONVERSION = YES_AGGRESSIVE;
				CLANG_CXX_LANGUAGE_STANDARD = "gnu++17";
				CLANG_CXX_LIBRARY = "libc++";
				CLANG_ENABLE_MODULES = YES;
				CLANG_ENABLE_OBJC_ARC = YES;
				CLANG_ENABLE_OBJC_WEAK = YES;
				CLANG_WARN_BLOCK_CAPTURE_AUTORELEASING = YES;
				CLANG_WARN_BOOL_CONVERSION = YES;
				CLANG_WARN_COMMA = YES;
				CLANG_WARN_CONSTANT_CONVERSION = YES;
				CLANG_WARN_DEPRECATED_OBJC_IMPLEMENTATIONS = YES;
				CLANG_WARN_DIRECT_OBJC_ISA_USAGE = YES_ERROR;
				CLANG_WARN_DOCUMENTATION_COMMENTS = YES;
				CLANG_WARN_EMPTY_BODY = YES;
				CLANG_WARN_ENUM_CONVERSION = YES;
				CLANG_WARN_INFINITE_RECURSION = YES;
				CLANG_WARN_INT_CONVERSION = YES;
				CLANG_WARN_NON_LITERAL_NULL_CONVERSION = YES;
				CLANG_WARN_OBJC_IMPLICIT_RETAIN_SELF = YES;
				CLANG_WARN_OBJC_LITERAL_CONVERSION = YES;
				CLANG_WARN_OBJC_ROOT_CLASS = YES_ERROR;
				CLANG_WARN_QUOTED_INCLUDE_IN_FRAMEWORK_HEADER = YES;
				CLANG_WARN_RANGE_LOOP_ANALYSIS = YES;
				CLANG_WARN_STRICT_PROTOTYPES = YES;
				CLANG_WARN_SUSPICIOUS_MOVE = YES;
				CLANG_WARN_UNGUARDED_AVAILABILITY = YES_AGGRESSIVE;
				CLANG_WARN_UNREACHABLE_CODE = YES;
				CLANG_WARN__DUPLICATE_METHOD_MATCH = YES;
				COPY_PHASE_STRIP = NO;
				DEBUG_INFORMATION_FORMAT = dwarf;
				ENABLE_STRICT_OBJC_MSGSEND = YES;
				ENABLE_TESTABILITY = YES;
				GCC_C_LANGUAGE_STANDARD = gnu11;
				GCC_DYNAMIC_NO_PIC = NO;
				GCC_NO_COMMON_BLOCKS = YES;
				GCC_OPTIMIZATION_LEVEL = 0;
				GCC_PREPROCESSOR_DEFINITIONS = (
					"DEBUG=1",
					"$(inherited)",
				);
				GCC_WARN_64_TO_32_BIT_CONVERSION = YES;
				GCC_WARN_ABOUT_RETURN_TYPE = YES_ERROR;
				GCC_WARN_UNDECLARED_SELECTOR = YES;
				GCC_WARN_UNINITIALIZED_AUTOS = YES_AGGRESSIVE;
				GCC_WARN_UNUSED_FUNCTION = YES;
				GCC_WARN_UNUSED_VARIABLE = YES;
				IPHONEOS_DEPLOYMENT_TARGET = 15.2;
				MTL_ENABLE_DEBUG_INFO = INCLUDE_SOURCE;
				MTL_FAST_MATH = YES;
				ONLY_ACTIVE_ARCH = YES;
				SDKROOT = iphoneos;
				SWIFT_ACTIVE_COMPILATION_CONDITIONS = DEBUG;
				SWIFT_OPTIMIZATION_LEVEL = "-Onone";
			};
			name = Debug;
		};
		25A5D7E5277C43E1004FBD77 /* Release */ = {
			isa = XCBuildConfiguration;
			buildSettings = {
				ALWAYS_SEARCH_USER_PATHS = NO;
				CLANG_ANALYZER_NONNULL = YES;
				CLANG_ANALYZER_NUMBER_OBJECT_CONVERSION = YES_AGGRESSIVE;
				CLANG_CXX_LANGUAGE_STANDARD = "gnu++17";
				CLANG_CXX_LIBRARY = "libc++";
				CLANG_ENABLE_MODULES = YES;
				CLANG_ENABLE_OBJC_ARC = YES;
				CLANG_ENABLE_OBJC_WEAK = YES;
				CLANG_WARN_BLOCK_CAPTURE_AUTORELEASING = YES;
				CLANG_WARN_BOOL_CONVERSION = YES;
				CLANG_WARN_COMMA = YES;
				CLANG_WARN_CONSTANT_CONVERSION = YES;
				CLANG_WARN_DEPRECATED_OBJC_IMPLEMENTATIONS = YES;
				CLANG_WARN_DIRECT_OBJC_ISA_USAGE = YES_ERROR;
				CLANG_WARN_DOCUMENTATION_COMMENTS = YES;
				CLANG_WARN_EMPTY_BODY = YES;
				CLANG_WARN_ENUM_CONVERSION = YES;
				CLANG_WARN_INFINITE_RECURSION = YES;
				CLANG_WARN_INT_CONVERSION = YES;
				CLANG_WARN_NON_LITERAL_NULL_CONVERSION = YES;
				CLANG_WARN_OBJC_IMPLICIT_RETAIN_SELF = YES;
				CLANG_WARN_OBJC_LITERAL_CONVERSION = YES;
				CLANG_WARN_OBJC_ROOT_CLASS = YES_ERROR;
				CLANG_WARN_QUOTED_INCLUDE_IN_FRAMEWORK_HEADER = YES;
				CLANG_WARN_RANGE_LOOP_ANALYSIS = YES;
				CLANG_WARN_STRICT_PROTOTYPES = YES;
				CLANG_WARN_SUSPICIOUS_MOVE = YES;
				CLANG_WARN_UNGUARDED_AVAILABILITY = YES_AGGRESSIVE;
				CLANG_WARN_UNREACHABLE_CODE = YES;
				CLANG_WARN__DUPLICATE_METHOD_MATCH = YES;
				COPY_PHASE_STRIP = NO;
				DEBUG_INFORMATION_FORMAT = "dwarf-with-dsym";
				ENABLE_NS_ASSERTIONS = NO;
				ENABLE_STRICT_OBJC_MSGSEND = YES;
				GCC_C_LANGUAGE_STANDARD = gnu11;
				GCC_NO_COMMON_BLOCKS = YES;
				GCC_WARN_64_TO_32_BIT_CONVERSION = YES;
				GCC_WARN_ABOUT_RETURN_TYPE = YES_ERROR;
				GCC_WARN_UNDECLARED_SELECTOR = YES;
				GCC_WARN_UNINITIALIZED_AUTOS = YES_AGGRESSIVE;
				GCC_WARN_UNUSED_FUNCTION = YES;
				GCC_WARN_UNUSED_VARIABLE = YES;
				IPHONEOS_DEPLOYMENT_TARGET = 15.2;
				MTL_ENABLE_DEBUG_INFO = NO;
				MTL_FAST_MATH = YES;
				SDKROOT = iphoneos;
				SWIFT_COMPILATION_MODE = wholemodule;
				SWIFT_OPTIMIZATION_LEVEL = "-O";
				VALIDATE_PRODUCT = YES;
			};
			name = Release;
		};
		25A5D7E7277C43E1004FBD77 /* Debug */ = {
			isa = XCBuildConfiguration;
			baseConfigurationReference = 5AB3F98C8BDAB1B1829DD830 /* Pods-LoginRIBS.debug.xcconfig */;
			buildSettings = {
				ASSETCATALOG_COMPILER_APPICON_NAME = AppIcon;
				ASSETCATALOG_COMPILER_GLOBAL_ACCENT_COLOR_NAME = AccentColor;
				CODE_SIGN_STYLE = Automatic;
				CURRENT_PROJECT_VERSION = 1;
				DEVELOPMENT_TEAM = 6VJYHQVG2L;
				GENERATE_INFOPLIST_FILE = YES;
				INFOPLIST_FILE = LoginRIBS/Info.plist;
				INFOPLIST_KEY_UIApplicationSupportsIndirectInputEvents = YES;
				INFOPLIST_KEY_UILaunchStoryboardName = LaunchScreen;
				INFOPLIST_KEY_UISupportedInterfaceOrientations = UIInterfaceOrientationPortrait;
				INFOPLIST_KEY_UISupportedInterfaceOrientations_iPad = "UIInterfaceOrientationPortrait UIInterfaceOrientationPortraitUpsideDown UIInterfaceOrientationLandscapeLeft UIInterfaceOrientationLandscapeRight";
				INFOPLIST_KEY_UISupportedInterfaceOrientations_iPhone = "UIInterfaceOrientationPortrait UIInterfaceOrientationLandscapeLeft UIInterfaceOrientationLandscapeRight";
				LD_RUNPATH_SEARCH_PATHS = (
					"$(inherited)",
					"@executable_path/Frameworks",
				);
				MARKETING_VERSION = 1.0;
				PRODUCT_BUNDLE_IDENTIFIER = "com.minhochoi-sbank.LoginRIBS";
				PRODUCT_NAME = "$(TARGET_NAME)";
				SWIFT_EMIT_LOC_STRINGS = YES;
				SWIFT_VERSION = 5.0;
				TARGETED_DEVICE_FAMILY = 1;
			};
			name = Debug;
		};
		25A5D7E8277C43E1004FBD77 /* Release */ = {
			isa = XCBuildConfiguration;
			baseConfigurationReference = F8B990A492B11DF06EA2318E /* Pods-LoginRIBS.release.xcconfig */;
			buildSettings = {
				ASSETCATALOG_COMPILER_APPICON_NAME = AppIcon;
				ASSETCATALOG_COMPILER_GLOBAL_ACCENT_COLOR_NAME = AccentColor;
				CODE_SIGN_STYLE = Automatic;
				CURRENT_PROJECT_VERSION = 1;
				DEVELOPMENT_TEAM = 6VJYHQVG2L;
				GENERATE_INFOPLIST_FILE = YES;
				INFOPLIST_FILE = LoginRIBS/Info.plist;
				INFOPLIST_KEY_UIApplicationSupportsIndirectInputEvents = YES;
				INFOPLIST_KEY_UILaunchStoryboardName = LaunchScreen;
				INFOPLIST_KEY_UISupportedInterfaceOrientations = UIInterfaceOrientationPortrait;
				INFOPLIST_KEY_UISupportedInterfaceOrientations_iPad = "UIInterfaceOrientationPortrait UIInterfaceOrientationPortraitUpsideDown UIInterfaceOrientationLandscapeLeft UIInterfaceOrientationLandscapeRight";
				INFOPLIST_KEY_UISupportedInterfaceOrientations_iPhone = "UIInterfaceOrientationPortrait UIInterfaceOrientationLandscapeLeft UIInterfaceOrientationLandscapeRight";
				LD_RUNPATH_SEARCH_PATHS = (
					"$(inherited)",
					"@executable_path/Frameworks",
				);
				MARKETING_VERSION = 1.0;
				PRODUCT_BUNDLE_IDENTIFIER = "com.minhochoi-sbank.LoginRIBS";
				PRODUCT_NAME = "$(TARGET_NAME)";
				SWIFT_EMIT_LOC_STRINGS = YES;
				SWIFT_VERSION = 5.0;
				TARGETED_DEVICE_FAMILY = 1;
			};
			name = Release;
		};
/* End XCBuildConfiguration section */

/* Begin XCConfigurationList section */
		25A5D7CD277C43DF004FBD77 /* Build configuration list for PBXProject "LoginRIBS" */ = {
			isa = XCConfigurationList;
			buildConfigurations = (
				25A5D7E4277C43E1004FBD77 /* Debug */,
				25A5D7E5277C43E1004FBD77 /* Release */,
			);
			defaultConfigurationIsVisible = 0;
			defaultConfigurationName = Release;
		};
		25A5D7E6277C43E1004FBD77 /* Build configuration list for PBXNativeTarget "LoginRIBS" */ = {
			isa = XCConfigurationList;
			buildConfigurations = (
				25A5D7E7277C43E1004FBD77 /* Debug */,
				25A5D7E8277C43E1004FBD77 /* Release */,
			);
			defaultConfigurationIsVisible = 0;
			defaultConfigurationName = Release;
		};
/* End XCConfigurationList section */
	};
	rootObject = 25A5D7CA277C43DF004FBD77 /* Project object */;
}
